
Microsoft Visual Studio Solution File, Format Version 12.00
# Visual Studio Version 16
VisualStudioVersion = 16.0.31229.75
MinimumVisualStudioVersion = 10.0.40219.1
Project("{2150E333-8FDC-42A3-9474-1A3956D46DE8}") = "Services", "Services", "{57EAA0AC-0512-4D39-8A8E-A64430794A7C}"
EndProject
Project("{2150E333-8FDC-42A3-9474-1A3956D46DE8}") = "Catalog", "Catalog", "{3787E3B5-16C9-4929-B75E-47E6DDB39888}"
EndProject
Project("{9A19103F-16F7-4668-BE54-9A1E7A4F7556}") = "Catalog.API", "Services\Catalog\Catalog.API\Catalog.API.csproj", "{0AB1FD36-97E4-4BBE-A9BB-CBB311A963DC}"
EndProject
Project("{E53339B2-1760-4266-BCC7-CA923CBCF16C}") = "docker-compose", "docker-compose.dcproj", "{ED3756B7-8DA4-49EC-8558-0E487072EAFA}"
EndProject
Project("{2150E333-8FDC-42A3-9474-1A3956D46DE8}") = "Basket", "Basket", "{EFEC35F0-81DB-4B3E-90AB-45C7F3430D62}"
EndProject
Project("{9A19103F-16F7-4668-BE54-9A1E7A4F7556}") = "Basket.API", "Services\Basket\Basket.API\Basket.API.csproj", "{BFABBA6B-ABD1-467A-B25F-ABDD5075B7E9}"
EndProject
Project("{2150E333-8FDC-42A3-9474-1A3956D46DE8}") = "Discount", "Discount", "{7C052431-5D45-44DC-BC8D-B7C495AEB24A}"
EndProject
Project("{9A19103F-16F7-4668-BE54-9A1E7A4F7556}") = "Discount.API", "Services\Discount\Discount.API\Discount.API.csproj", "{A14BB76E-AEDD-4E67-B855-36B922947656}"
EndProject
Project("{9A19103F-16F7-4668-BE54-9A1E7A4F7556}") = "Discount.gRPC", "Services\Discount\Discount.gRPC\Discount.gRPC.csproj", "{BE2B2877-6C17-4E3A-840A-A3AFF5E9BEDD}"
EndProject
Project("{2150E333-8FDC-42A3-9474-1A3956D46DE8}") = "Ordering", "Ordering", "{286AFD0F-8D50-4CFE-8758-D34924CF2978}"
EndProject
Project("{9A19103F-16F7-4668-BE54-9A1E7A4F7556}") = "Ordering.API", "Services\Ordering\Ordering.API\Ordering.API.csproj", "{C2ACAE55-0918-4EFB-A563-89EDE7C9F166}"
EndProject
Project("{9A19103F-16F7-4668-BE54-9A1E7A4F7556}") = "Ordering.Domain", "Services\Ordering\Ordering.Domain\Ordering.Domain.csproj", "{10895024-0FFE-4F75-9888-C54DC23A7583}"
EndProject
Project("{9A19103F-16F7-4668-BE54-9A1E7A4F7556}") = "Ordering.Application", "Services\Ordering\Ordering.Application\Ordering.Application.csproj", "{33366262-4683-4A6D-9835-9DF4697EC3C7}"
EndProject
Project("{9A19103F-16F7-4668-BE54-9A1E7A4F7556}") = "Ordering.Infrastructure", "Services\Ordering\Ordering.Infrastructure\Ordering.Infrastructure.csproj", "{F9A18E71-8F49-481A-9945-ABE357B98A71}"
EndProject
Project("{2150E333-8FDC-42A3-9474-1A3956D46DE8}") = "BuildingBlocks", "BuildingBlocks", "{CDF494A5-C427-4A1E-9A48-7E498E006E65}"
EndProject
Project("{9A19103F-16F7-4668-BE54-9A1E7A4F7556}") = "EventBus.Messages", "BuldingBlocks\EventBus.Messages\EventBus.Messages.csproj", "{EDBA7A2D-EF59-461F-B46D-ACC235C730BD}"
EndProject
Project("{2150E333-8FDC-42A3-9474-1A3956D46DE8}") = "ApiGateways", "ApiGateways", "{BA0B2B32-8E46-4BB9-ADA4-AB57065779EB}"
EndProject
Project("{FAE04EC0-301F-11D3-BF4B-00C04F79EFBC}") = "OcelotAPiGw", "ApiGateways\OcelotAPiGw\OcelotAPiGw.csproj", "{FC7DB043-537E-4C2B-AB10-7E155357443A}"
EndProject
Global
	GlobalSection(SolutionConfigurationPlatforms) = preSolution
		Debug|Any CPU = Debug|Any CPU
		Release|Any CPU = Release|Any CPU
	EndGlobalSection
	GlobalSection(ProjectConfigurationPlatforms) = postSolution
		{0AB1FD36-97E4-4BBE-A9BB-CBB311A963DC}.Debug|Any CPU.ActiveCfg = Debug|Any CPU
		{0AB1FD36-97E4-4BBE-A9BB-CBB311A963DC}.Debug|Any CPU.Build.0 = Debug|Any CPU
		{0AB1FD36-97E4-4BBE-A9BB-CBB311A963DC}.Release|Any CPU.ActiveCfg = Release|Any CPU
		{0AB1FD36-97E4-4BBE-A9BB-CBB311A963DC}.Release|Any CPU.Build.0 = Release|Any CPU
		{ED3756B7-8DA4-49EC-8558-0E487072EAFA}.Debug|Any CPU.ActiveCfg = Debug|Any CPU
		{ED3756B7-8DA4-49EC-8558-0E487072EAFA}.Debug|Any CPU.Build.0 = Debug|Any CPU
		{ED3756B7-8DA4-49EC-8558-0E487072EAFA}.Release|Any CPU.ActiveCfg = Release|Any CPU
		{ED3756B7-8DA4-49EC-8558-0E487072EAFA}.Release|Any CPU.Build.0 = Release|Any CPU
		{BFABBA6B-ABD1-467A-B25F-ABDD5075B7E9}.Debug|Any CPU.ActiveCfg = Debug|Any CPU
		{BFABBA6B-ABD1-467A-B25F-ABDD5075B7E9}.Debug|Any CPU.Build.0 = Debug|Any CPU
		{BFABBA6B-ABD1-467A-B25F-ABDD5075B7E9}.Release|Any CPU.ActiveCfg = Release|Any CPU
		{BFABBA6B-ABD1-467A-B25F-ABDD5075B7E9}.Release|Any CPU.Build.0 = Release|Any CPU
		{A14BB76E-AEDD-4E67-B855-36B922947656}.Debug|Any CPU.ActiveCfg = Debug|Any CPU
		{A14BB76E-AEDD-4E67-B855-36B922947656}.Debug|Any CPU.Build.0 = Debug|Any CPU
		{A14BB76E-AEDD-4E67-B855-36B922947656}.Release|Any CPU.ActiveCfg = Release|Any CPU
		{A14BB76E-AEDD-4E67-B855-36B922947656}.Release|Any CPU.Build.0 = Release|Any CPU
		{BE2B2877-6C17-4E3A-840A-A3AFF5E9BEDD}.Debug|Any CPU.ActiveCfg = Debug|Any CPU
		{BE2B2877-6C17-4E3A-840A-A3AFF5E9BEDD}.Debug|Any CPU.Build.0 = Debug|Any CPU
		{BE2B2877-6C17-4E3A-840A-A3AFF5E9BEDD}.Release|Any CPU.ActiveCfg = Release|Any CPU
		{BE2B2877-6C17-4E3A-840A-A3AFF5E9BEDD}.Release|Any CPU.Build.0 = Release|Any CPU
		{C2ACAE55-0918-4EFB-A563-89EDE7C9F166}.Debug|Any CPU.ActiveCfg = Debug|Any CPU
		{C2ACAE55-0918-4EFB-A563-89EDE7C9F166}.Debug|Any CPU.Build.0 = Debug|Any CPU
		{C2ACAE55-0918-4EFB-A563-89EDE7C9F166}.Release|Any CPU.ActiveCfg = Release|Any CPU
		{C2ACAE55-0918-4EFB-A563-89EDE7C9F166}.Release|Any CPU.Build.0 = Release|Any CPU
		{10895024-0FFE-4F75-9888-C54DC23A7583}.Debug|Any CPU.ActiveCfg = Debug|Any CPU
		{10895024-0FFE-4F75-9888-C54DC23A7583}.Debug|Any CPU.Build.0 = Debug|Any CPU
		{10895024-0FFE-4F75-9888-C54DC23A7583}.Release|Any CPU.ActiveCfg = Release|Any CPU
		{10895024-0FFE-4F75-9888-C54DC23A7583}.Release|Any CPU.Build.0 = Release|Any CPU
		{33366262-4683-4A6D-9835-9DF4697EC3C7}.Debug|Any CPU.ActiveCfg = Debug|Any CPU
		{33366262-4683-4A6D-9835-9DF4697EC3C7}.Debug|Any CPU.Build.0 = Debug|Any CPU
		{33366262-4683-4A6D-9835-9DF4697EC3C7}.Release|Any CPU.ActiveCfg = Release|Any CPU
		{33366262-4683-4A6D-9835-9DF4697EC3C7}.Release|Any CPU.Build.0 = Release|Any CPU
		{F9A18E71-8F49-481A-9945-ABE357B98A71}.Debug|Any CPU.ActiveCfg = Debug|Any CPU
		{F9A18E71-8F49-481A-9945-ABE357B98A71}.Debug|Any CPU.Build.0 = Debug|Any CPU
		{F9A18E71-8F49-481A-9945-ABE357B98A71}.Release|Any CPU.ActiveCfg = Release|Any CPU
		{F9A18E71-8F49-481A-9945-ABE357B98A71}.Release|Any CPU.Build.0 = Release|Any CPU
		{EDBA7A2D-EF59-461F-B46D-ACC235C730BD}.Debug|Any CPU.ActiveCfg = Debug|Any CPU
		{EDBA7A2D-EF59-461F-B46D-ACC235C730BD}.Debug|Any CPU.Build.0 = Debug|Any CPU
		{EDBA7A2D-EF59-461F-B46D-ACC235C730BD}.Release|Any CPU.ActiveCfg = Release|Any CPU
		{EDBA7A2D-EF59-461F-B46D-ACC235C730BD}.Release|Any CPU.Build.0 = Release|Any CPU
		{FC7DB043-537E-4C2B-AB10-7E155357443A}.Debug|Any CPU.ActiveCfg = Debug|Any CPU
		{FC7DB043-537E-4C2B-AB10-7E155357443A}.Debug|Any CPU.Build.0 = Debug|Any CPU
		{FC7DB043-537E-4C2B-AB10-7E155357443A}.Release|Any CPU.ActiveCfg = Release|Any CPU
		{FC7DB043-537E-4C2B-AB10-7E155357443A}.Release|Any CPU.Build.0 = Release|Any CPU
	EndGlobalSection
	GlobalSection(SolutionProperties) = preSolution
		HideSolutionNode = FALSE
	EndGlobalSection
	GlobalSection(NestedProjects) = preSolution
		{3787E3B5-16C9-4929-B75E-47E6DDB39888} = {57EAA0AC-0512-4D39-8A8E-A64430794A7C}
		{0AB1FD36-97E4-4BBE-A9BB-CBB311A963DC} = {3787E3B5-16C9-4929-B75E-47E6DDB39888}
		{EFEC35F0-81DB-4B3E-90AB-45C7F3430D62} = {57EAA0AC-0512-4D39-8A8E-A64430794A7C}
		{BFABBA6B-ABD1-467A-B25F-ABDD5075B7E9} = {EFEC35F0-81DB-4B3E-90AB-45C7F3430D62}
		{7C052431-5D45-44DC-BC8D-B7C495AEB24A} = {57EAA0AC-0512-4D39-8A8E-A64430794A7C}
		{A14BB76E-AEDD-4E67-B855-36B922947656} = {7C052431-5D45-44DC-BC8D-B7C495AEB24A}
		{BE2B2877-6C17-4E3A-840A-A3AFF5E9BEDD} = {7C052431-5D45-44DC-BC8D-B7C495AEB24A}
		{286AFD0F-8D50-4CFE-8758-D34924CF2978} = {57EAA0AC-0512-4D39-8A8E-A64430794A7C}
		{C2ACAE55-0918-4EFB-A563-89EDE7C9F166} = {286AFD0F-8D50-4CFE-8758-D34924CF2978}
		{10895024-0FFE-4F75-9888-C54DC23A7583} = {286AFD0F-8D50-4CFE-8758-D34924CF2978}
		{33366262-4683-4A6D-9835-9DF4697EC3C7} = {286AFD0F-8D50-4CFE-8758-D34924CF2978}
		{F9A18E71-8F49-481A-9945-ABE357B98A71} = {286AFD0F-8D50-4CFE-8758-D34924CF2978}
		{EDBA7A2D-EF59-461F-B46D-ACC235C730BD} = {CDF494A5-C427-4A1E-9A48-7E498E006E65}
		{FC7DB043-537E-4C2B-AB10-7E155357443A} = {BA0B2B32-8E46-4BB9-ADA4-AB57065779EB}
	EndGlobalSection
	GlobalSection(ExtensibilityGlobals) = postSolution
		SolutionGuid = {5B564CC2-073F-435D-8327-47A192239180}
	EndGlobalSection
EndGlobal
